{
  "name": "testpackage",
  "version": "1.0.0",
  "lockfileVersion": 3,
  "requires": true,
  "packages": {
    "": {
      "name": "testpackage",
      "version": "1.0.0",
      "license": "ISC",
      "dependencies": {
        "mynpmpackage": "^1.0.1"
      }
    },
    "node_modules/mynpmpackage": {
      "version": "1.0.1",
      "resolved": "http://localhost:4873/mynpmpackage/-/mynpmpackage-1.0.1.tgz",
      "integrity": "sha512-27+ayGOMTza3oAMlMG3PYATxaugA17XIivdE2VuvZm9v5xkxNk4NBiWGiIE8TCxu6S+32tLFRI4EAfMs4rn4Gg==",
      "license": "ISC"
    }
  }
}
